
Microsoft Visual Studio Solution File, Format Version 12.00
# Visual Studio 15
VisualStudioVersion = 15.0.26730.16
MinimumVisualStudioVersion = 10.0.40219.1
Project("{8BC9CEB8-8B4A-11D0-8D11-00A0C91BC942}") = "Uni_OpenGL", "Uni_OpenGL\Uni_OpenGL.vcxproj", "{61FDB9D2-72CF-4A65-9ECB-218CC9B5C71F}"
EndProject
Global
	GlobalSection(SolutionConfigurationPlatforms) = preSolution
		Debug|x64 = Debug|x64
		Debug|x86 = Debug|x86
		Release|x64 = Release|x64
		Release|x86 = Release|x86
	EndGlobalSection
	GlobalSection(ProjectConfigurationPlatforms) = postSolution
		{61FDB9D2-72CF-4A65-9ECB-218CC9B5C71F}.Debug|x64.ActiveCfg = Debug|x64
		{61FDB9D2-72CF-4A65-9ECB-218CC9B5C71F}.Debug|x64.Build.0 = Debug|x64
		{61FDB9D2-72CF-4A65-9ECB-218CC9B5C71F}.Debug|x86.ActiveCfg = Debug|Win32
		{61FDB9D2-72CF-4A65-9ECB-218CC9B5C71F}.Debug|x86.Build.0 = Debug|Win32
		{61FDB9D2-72CF-4A65-9ECB-218CC9B5C71F}.Release|x64.ActiveCfg = Release|x64
		{61FDB9D2-72CF-4A65-9ECB-218CC9B5C71F}.Release|x64.Build.0 = Release|x64
		{61FDB9D2-72CF-4A65-9ECB-218CC9B5C71F}.Release|x86.ActiveCfg = Release|Win32
		{61FDB9D2-72CF-4A65-9ECB-218CC9B5C71F}.Release|x86.Build.0 = Release|Win32
	EndGlobalSection
	GlobalSection(SolutionProperties) = preSolution
		HideSolutionNode = FALSE
	EndGlobalSection
	GlobalSection(ExtensibilityGlobals) = postSolution
		SolutionGuid = {F7CF103F-54F4-4A24-A511-CCD26B02DF5E}
	EndGlobalSection
EndGlobal
